# This file is automatically @generated by Cargo.
# It is not intended for manual editing.
version = 3

[[package]]
name = "ma_rtos"
version = "0.1.0"
dependencies = [
 "sequential-test",
]

[[package]]
name = "sequential-macro"
version = "0.1.4"
source = "registry+https://github.com/rust-lang/crates.io-index"
checksum = "eb5facc5f409a55d25bf271c853402a00e1187097d326757043f5dd711944d07"

[[package]]
name = "sequential-test"
version = "0.2.4"
source = "registry+https://github.com/rust-lang/crates.io-index"
checksum = "f0d9c0d773bc7e7733264f460e5dfa00b2510421ddd6284db0749eef8dfb79e9"
dependencies = [
 "sequential-macro",
]
