# This file is automatically @generated by Cargo.
# It is not intended for manual editing.
version = 3

[[package]]
name = "critical-section"
version = "1.1.2"
source = "registry+https://github.com/rust-lang/crates.io-index"
checksum = "7059fff8937831a9ae6f0fe4d658ffabf58f2ca96aa9dec1c889f936f705f216"

[[package]]
name = "esp-alloc"
version = "0.3.0"
source = "registry+https://github.com/rust-lang/crates.io-index"
checksum = "83792eb7261a375bb838679fea2b45654b8f4a48da6bef10a96da5054aa81c7d"
dependencies = [
 "critical-section",
 "linked_list_allocator",
]

[[package]]
name = "linked_list_allocator"
version = "0.10.5"
source = "registry+https://github.com/rust-lang/crates.io-index"
checksum = "9afa463f5405ee81cdb9cc2baf37e08ec7e4c8209442b5d72c04cfb2cd6e6286"

[[package]]
name = "martos"
version = "0.1.0"
dependencies = [
 "esp-alloc",
 "sequential-test",
]

[[package]]
name = "sequential-macro"
version = "0.1.4"
source = "registry+https://github.com/rust-lang/crates.io-index"
checksum = "eb5facc5f409a55d25bf271c853402a00e1187097d326757043f5dd711944d07"

[[package]]
name = "sequential-test"
version = "0.2.4"
source = "registry+https://github.com/rust-lang/crates.io-index"
checksum = "f0d9c0d773bc7e7733264f460e5dfa00b2510421ddd6284db0749eef8dfb79e9"
dependencies = [
 "sequential-macro",
]
